// !$*UTF8*$!
{
	archiveVersion = 1;
	classes = {
	};
	objectVersion = 56;
	objects = {

/* Begin PBXBuildFile section */
		ADCA03172A07D4E90042E67C /* MoodmojiApp.swift in Sources */ = {isa = PBXBuildFile; fileRef = ADCA03162A07D4E90042E67C /* MoodmojiApp.swift */; };
		ADCA03192A07D4E90042E67C /* ContentView.swift in Sources */ = {isa = PBXBuildFile; fileRef = ADCA03182A07D4E90042E67C /* ContentView.swift */; };
		ADCA031B2A07D4EA0042E67C /* Assets.xcassets in Resources */ = {isa = PBXBuildFile; fileRef = ADCA031A2A07D4EA0042E67C /* Assets.xcassets */; };
		ADCA031E2A07D4EA0042E67C /* Preview Assets.xcassets in Resources */ = {isa = PBXBuildFile; fileRef = ADCA031D2A07D4EA0042E67C /* Preview Assets.xcassets */; };
		ADCA03282A07D4EA0042E67C /* MoodmojiTests.swift in Sources */ = {isa = PBXBuildFile; fileRef = ADCA03272A07D4EA0042E67C /* MoodmojiTests.swift */; };
		ADCA03322A07D4EA0042E67C /* MoodmojiUITests.swift in Sources */ = {isa = PBXBuildFile; fileRef = ADCA03312A07D4EA0042E67C /* MoodmojiUITests.swift */; };
		ADCA03342A07D4EA0042E67C /* MoodmojiUITestsLaunchTests.swift in Sources */ = {isa = PBXBuildFile; fileRef = ADCA03332A07D4EA0042E67C /* MoodmojiUITestsLaunchTests.swift */; };
		ADCA03412A07D8A80042E67C /* HomeView.swift in Sources */ = {isa = PBXBuildFile; fileRef = ADCA03402A07D8A80042E67C /* HomeView.swift */; };
		ADCA03432A07D9810042E67C /* InputView.swift in Sources */ = {isa = PBXBuildFile; fileRef = ADCA03422A07D9810042E67C /* InputView.swift */; };
		ADCA03452A07DDE30042E67C /* OutputView.swift in Sources */ = {isa = PBXBuildFile; fileRef = ADCA03442A07DDE30042E67C /* OutputView.swift */; };
		ADCA03482A07E1500042E67C /* OpenAISwift in Frameworks */ = {isa = PBXBuildFile; productRef = ADCA03472A07E1500042E67C /* OpenAISwift */; };
		ADCA034A2A07E6F60042E67C /* Secrets.plist in Resources */ = {isa = PBXBuildFile; fileRef = ADCA03492A07E6F60042E67C /* Secrets.plist */; };
/* End PBXBuildFile section */

/* Begin PBXContainerItemProxy section */
		ADCA03242A07D4EA0042E67C /* PBXContainerItemProxy */ = {
			isa = PBXContainerItemProxy;
			containerPortal = ADCA030B2A07D4E90042E67C /* Project object */;
			proxyType = 1;
			remoteGlobalIDString = ADCA03122A07D4E90042E67C;
			remoteInfo = Moodmoji;
		};
		ADCA032E2A07D4EA0042E67C /* PBXContainerItemProxy */ = {
			isa = PBXContainerItemProxy;
			containerPortal = ADCA030B2A07D4E90042E67C /* Project object */;
			proxyType = 1;
			remoteGlobalIDString = ADCA03122A07D4E90042E67C;
			remoteInfo = Moodmoji;
		};
/* End PBXContainerItemProxy section */

/* Begin PBXFileReference section */
		ADCA03132A07D4E90042E67C /* Moodmoji.app */ = {isa = PBXFileReference; explicitFileType = wrapper.application; includeInIndex = 0; path = Moodmoji.app; sourceTree = BUILT_PRODUCTS_DIR; };
		ADCA03162A07D4E90042E67C /* MoodmojiApp.swift */ = {isa = PBXFileReference; lastKnownFileType = sourcecode.swift; path = MoodmojiApp.swift; sourceTree = "<group>"; };
		ADCA03182A07D4E90042E67C /* ContentView.swift */ = {isa = PBXFileReference; lastKnownFileType = sourcecode.swift; path = ContentView.swift; sourceTree = "<group>"; };
		ADCA031A2A07D4EA0042E67C /* Assets.xcassets */ = {isa = PBXFileReference; lastKnownFileType = folder.assetcatalog; path = Assets.xcassets; sourceTree = "<group>"; };
		ADCA031D2A07D4EA0042E67C /* Preview Assets.xcassets */ = {isa = PBXFileReference; lastKnownFileType = folder.assetcatalog; path = "Preview Assets.xcassets"; sourceTree = "<group>"; };
		ADCA03232A07D4EA0042E67C /* MoodmojiTests.xctest */ = {isa = PBXFileReference; explicitFileType = wrapper.cfbundle; includeInIndex = 0; path = MoodmojiTests.xctest; sourceTree = BUILT_PRODUCTS_DIR; };
		ADCA03272A07D4EA0042E67C /* MoodmojiTests.swift */ = {isa = PBXFileReference; lastKnownFileType = sourcecode.swift; path = MoodmojiTests.swift; sourceTree = "<group>"; };
		ADCA032D2A07D4EA0042E67C /* MoodmojiUITests.xctest */ = {isa = PBXFileReference; explicitFileType = wrapper.cfbundle; includeInIndex = 0; path = MoodmojiUITests.xctest; sourceTree = BUILT_PRODUCTS_DIR; };
		ADCA03312A07D4EA0042E67C /* MoodmojiUITests.swift */ = {isa = PBXFileReference; lastKnownFileType = sourcecode.swift; path = MoodmojiUITests.swift; sourceTree = "<group>"; };
		ADCA03332A07D4EA0042E67C /* MoodmojiUITestsLaunchTests.swift */ = {isa = PBXFileReference; lastKnownFileType = sourcecode.swift; path = MoodmojiUITestsLaunchTests.swift; sourceTree = "<group>"; };
		ADCA03402A07D8A80042E67C /* HomeView.swift */ = {isa = PBXFileReference; lastKnownFileType = sourcecode.swift; path = HomeView.swift; sourceTree = "<group>"; };
		ADCA03422A07D9810042E67C /* InputView.swift */ = {isa = PBXFileReference; lastKnownFileType = sourcecode.swift; path = InputView.swift; sourceTree = "<group>"; };
		ADCA03442A07DDE30042E67C /* OutputView.swift */ = {isa = PBXFileReference; lastKnownFileType = sourcecode.swift; path = OutputView.swift; sourceTree = "<group>"; };
		ADCA03492A07E6F60042E67C /* Secrets.plist */ = {isa = PBXFileReference; lastKnownFileType = text.plist.xml; path = Secrets.plist; sourceTree = "<group>"; };
/* End PBXFileReference section */

/* Begin PBXFrameworksBuildPhase section */
		ADCA03102A07D4E90042E67C /* Frameworks */ = {
			isa = PBXFrameworksBuildPhase;
			buildActionMask = 2147483647;
			files = (
				ADCA03482A07E1500042E67C /* OpenAISwift in Frameworks */,
			);
			runOnlyForDeploymentPostprocessing = 0;
		};
		ADCA03202A07D4EA0042E67C /* Frameworks */ = {
			isa = PBXFrameworksBuildPhase;
			buildActionMask = 2147483647;
			files = (
			);
			runOnlyForDeploymentPostprocessing = 0;
		};
		ADCA032A2A07D4EA0042E67C /* Frameworks */ = {
			isa = PBXFrameworksBuildPhase;
			buildActionMask = 2147483647;
			files = (
			);
			runOnlyForDeploymentPostprocessing = 0;
		};
/* End PBXFrameworksBuildPhase section */

/* Begin PBXGroup section */
		ADCA030A2A07D4E90042E67C = {
			isa = PBXGroup;
			children = (
				ADCA03152A07D4E90042E67C /* Moodmoji */,
				ADCA03262A07D4EA0042E67C /* MoodmojiTests */,
				ADCA03302A07D4EA0042E67C /* MoodmojiUITests */,
				ADCA03142A07D4E90042E67C /* Products */,
			);
			sourceTree = "<group>";
		};
		ADCA03142A07D4E90042E67C /* Products */ = {
			isa = PBXGroup;
			children = (
				ADCA03132A07D4E90042E67C /* Moodmoji.app */,
				ADCA03232A07D4EA0042E67C /* MoodmojiTests.xctest */,
				ADCA032D2A07D4EA0042E67C /* MoodmojiUITests.xctest */,
			);
			name = Products;
			sourceTree = "<group>";
		};
		ADCA03152A07D4E90042E67C /* Moodmoji */ = {
			isa = PBXGroup;
			children = (
				ADCA03162A07D4E90042E67C /* MoodmojiApp.swift */,
				ADCA03182A07D4E90042E67C /* ContentView.swift */,
				ADCA031A2A07D4EA0042E67C /* Assets.xcassets */,
				ADCA031C2A07D4EA0042E67C /* Preview Content */,
				ADCA03402A07D8A80042E67C /* HomeView.swift */,
				ADCA03422A07D9810042E67C /* InputView.swift */,
				ADCA03442A07DDE30042E67C /* OutputView.swift */,
				ADCA03492A07E6F60042E67C /* Secrets.plist */,
			);
			path = Moodmoji;
			sourceTree = "<group>";
		};
		ADCA031C2A07D4EA0042E67C /* Preview Content */ = {
			isa = PBXGroup;
			children = (
				ADCA031D2A07D4EA0042E67C /* Preview Assets.xcassets */,
			);
			path = "Preview Content";
			sourceTree = "<group>";
		};
		ADCA03262A07D4EA0042E67C /* MoodmojiTests */ = {
			isa = PBXGroup;
			children = (
				ADCA03272A07D4EA0042E67C /* MoodmojiTests.swift */,
			);
			path = MoodmojiTests;
			sourceTree = "<group>";
		};
		ADCA03302A07D4EA0042E67C /* MoodmojiUITests */ = {
			isa = PBXGroup;
			children = (
				ADCA03312A07D4EA0042E67C /* MoodmojiUITests.swift */,
				ADCA03332A07D4EA0042E67C /* MoodmojiUITestsLaunchTests.swift */,
			);
			path = MoodmojiUITests;
			sourceTree = "<group>";
		};
/* End PBXGroup section */

/* Begin PBXNativeTarget section */
		ADCA03122A07D4E90042E67C /* Moodmoji */ = {
			isa = PBXNativeTarget;
			buildConfigurationList = ADCA03372A07D4EA0042E67C /* Build configuration list for PBXNativeTarget "Moodmoji" */;
			buildPhases = (
				ADCA030F2A07D4E90042E67C /* Sources */,
				ADCA03102A07D4E90042E67C /* Frameworks */,
				ADCA03112A07D4E90042E67C /* Resources */,
			);
			buildRules = (
			);
			dependencies = (
			);
			name = Moodmoji;
			packageProductDependencies = (
				ADCA03472A07E1500042E67C /* OpenAISwift */,
			);
			productName = Moodmoji;
			productReference = ADCA03132A07D4E90042E67C /* Moodmoji.app */;
			productType = "com.apple.product-type.application";
		};
		ADCA03222A07D4EA0042E67C /* MoodmojiTests */ = {
			isa = PBXNativeTarget;
			buildConfigurationList = ADCA033A2A07D4EA0042E67C /* Build configuration list for PBXNativeTarget "MoodmojiTests" */;
			buildPhases = (
				ADCA031F2A07D4EA0042E67C /* Sources */,
				ADCA03202A07D4EA0042E67C /* Frameworks */,
				ADCA03212A07D4EA0042E67C /* Resources */,
			);
			buildRules = (
			);
			dependencies = (
				ADCA03252A07D4EA0042E67C /* PBXTargetDependency */,
			);
			name = MoodmojiTests;
			productName = MoodmojiTests;
			productReference = ADCA03232A07D4EA0042E67C /* MoodmojiTests.xctest */;
			productType = "com.apple.product-type.bundle.unit-test";
		};
		ADCA032C2A07D4EA0042E67C /* MoodmojiUITests */ = {
			isa = PBXNativeTarget;
			buildConfigurationList = ADCA033D2A07D4EA0042E67C /* Build configuration list for PBXNativeTarget "MoodmojiUITests" */;
			buildPhases = (
				ADCA03292A07D4EA0042E67C /* Sources */,
				ADCA032A2A07D4EA0042E67C /* Frameworks */,
				ADCA032B2A07D4EA0042E67C /* Resources */,
			);
			buildRules = (
			);
			dependencies = (
				ADCA032F2A07D4EA0042E67C /* PBXTargetDependency */,
			);
			name = MoodmojiUITests;
			productName = MoodmojiUITests;
			productReference = ADCA032D2A07D4EA0042E67C /* MoodmojiUITests.xctest */;
			productType = "com.apple.product-type.bundle.ui-testing";
		};
/* End PBXNativeTarget section */

/* Begin PBXProject section */
		ADCA030B2A07D4E90042E67C /* Project object */ = {
			isa = PBXProject;
			attributes = {
				BuildIndependentTargetsInParallel = 1;
				LastSwiftUpdateCheck = 1400;
				LastUpgradeCheck = 1400;
				TargetAttributes = {
					ADCA03122A07D4E90042E67C = {
						CreatedOnToolsVersion = 14.0;
					};
					ADCA03222A07D4EA0042E67C = {
						CreatedOnToolsVersion = 14.0;
						TestTargetID = ADCA03122A07D4E90042E67C;
					};
					ADCA032C2A07D4EA0042E67C = {
						CreatedOnToolsVersion = 14.0;
						TestTargetID = ADCA03122A07D4E90042E67C;
					};
				};
			};
			buildConfigurationList = ADCA030E2A07D4E90042E67C /* Build configuration list for PBXProject "Moodmoji" */;
			compatibilityVersion = "Xcode 14.0";
			developmentRegion = en;
			hasScannedForEncodings = 0;
			knownRegions = (
				en,
				Base,
			);
			mainGroup = ADCA030A2A07D4E90042E67C;
			packageReferences = (
				ADCA03462A07E1500042E67C /* XCRemoteSwiftPackageReference "OpenAISwift" */,
			);
			productRefGroup = ADCA03142A07D4E90042E67C /* Products */;
			projectDirPath = "";
			projectRoot = "";
			targets = (
				ADCA03122A07D4E90042E67C /* Moodmoji */,
				ADCA03222A07D4EA0042E67C /* MoodmojiTests */,
				ADCA032C2A07D4EA0042E67C /* MoodmojiUITests */,
			);
		};
/* End PBXProject section */

/* Begin PBXResourcesBuildPhase section */
		ADCA03112A07D4E90042E67C /* Resources */ = {
			isa = PBXResourcesBuildPhase;
			buildActionMask = 2147483647;
			files = (
				ADCA031E2A07D4EA0042E67C /* Preview Assets.xcassets in Resources */,
				ADCA034A2A07E6F60042E67C /* Secrets.plist in Resources */,
				ADCA031B2A07D4EA0042E67C /* Assets.xcassets in Resources */,
			);
			runOnlyForDeploymentPostprocessing = 0;
		};
		ADCA03212A07D4EA0042E67C /* Resources */ = {
			isa = PBXResourcesBuildPhase;
			buildActionMask = 2147483647;
			files = (
			);
			runOnlyForDeploymentPostprocessing = 0;
		};
		ADCA032B2A07D4EA0042E67C /* Resources */ = {
			isa = PBXResourcesBuildPhase;
			buildActionMask = 2147483647;
			files = (
			);
			runOnlyForDeploymentPostprocessing = 0;
		};
/* End PBXResourcesBuildPhase section */

/* Begin PBXSourcesBuildPhase section */
		ADCA030F2A07D4E90042E67C /* Sources */ = {
			isa = PBXSourcesBuildPhase;
			buildActionMask = 2147483647;
			files = (
				ADCA03452A07DDE30042E67C /* OutputView.swift in Sources */,
				ADCA03412A07D8A80042E67C /* HomeView.swift in Sources */,
				ADCA03432A07D9810042E67C /* InputView.swift in Sources */,
				ADCA03192A07D4E90042E67C /* ContentView.swift in Sources */,
				ADCA03172A07D4E90042E67C /* MoodmojiApp.swift in Sources */,
			);
			runOnlyForDeploymentPostprocessing = 0;
		};
		ADCA031F2A07D4EA0042E67C /* Sources */ = {
			isa = PBXSourcesBuildPhase;
			buildActionMask = 2147483647;
			files = (
				ADCA03282A07D4EA0042E67C /* MoodmojiTests.swift in Sources */,
			);
			runOnlyForDeploymentPostprocessing = 0;
		};
		ADCA03292A07D4EA0042E67C /* Sources */ = {
			isa = PBXSourcesBuildPhase;
			buildActionMask = 2147483647;
			files = (
				ADCA03342A07D4EA0042E67C /* MoodmojiUITestsLaunchTests.swift in Sources */,
				ADCA03322A07D4EA0042E67C /* MoodmojiUITests.swift in Sources */,
			);
			runOnlyForDeploymentPostprocessing = 0;
		};
/* End PBXSourcesBuildPhase section */

/* Begin PBXTargetDependency section */
		ADCA03252A07D4EA0042E67C /* PBXTargetDependency */ = {
			isa = PBXTargetDependency;
			target = ADCA03122A07D4E90042E67C /* Moodmoji */;
			targetProxy = ADCA03242A07D4EA0042E67C /* PBXContainerItemProxy */;
		};
		ADCA032F2A07D4EA0042E67C /* PBXTargetDependency */ = {
			isa = PBXTargetDependency;
			target = ADCA03122A07D4E90042E67C /* Moodmoji */;
			targetProxy = ADCA032E2A07D4EA0042E67C /* PBXContainerItemProxy */;
		};
/* End PBXTargetDependency section */

/* Begin XCBuildConfiguration section */
		ADCA03352A07D4EA0042E67C /* Debug */ = {
			isa = XCBuildConfiguration;
			buildSettings = {
				ALWAYS_SEARCH_USER_PATHS = NO;
				CLANG_ANALYZER_NONNULL = YES;
				CLANG_ANALYZER_NUMBER_OBJECT_CONVERSION = YES_AGGRESSIVE;
				CLANG_CXX_LANGUAGE_STANDARD = "gnu++20";
				CLANG_ENABLE_MODULES = YES;
				CLANG_ENABLE_OBJC_ARC = YES;
				CLANG_ENABLE_OBJC_WEAK = YES;
				CLANG_WARN_BLOCK_CAPTURE_AUTORELEASING = YES;
				CLANG_WARN_BOOL_CONVERSION = YES;
				CLANG_WARN_COMMA = YES;
				CLANG_WARN_CONSTANT_CONVERSION = YES;
				CLANG_WARN_DEPRECATED_OBJC_IMPLEMENTATIONS = YES;
				CLANG_WARN_DIRECT_OBJC_ISA_USAGE = YES_ERROR;
				CLANG_WARN_DOCUMENTATION_COMMENTS = YES;
				CLANG_WARN_EMPTY_BODY = YES;
				CLANG_WARN_ENUM_CONVERSION = YES;
				CLANG_WARN_INFINITE_RECURSION = YES;
				CLANG_WARN_INT_CONVERSION = YES;
				CLANG_WARN_NON_LITERAL_NULL_CONVERSION = YES;
				CLANG_WARN_OBJC_IMPLICIT_RETAIN_SELF = YES;
				CLANG_WARN_OBJC_LITERAL_CONVERSION = YES;
				CLANG_WARN_OBJC_ROOT_CLASS = YES_ERROR;
				CLANG_WARN_QUOTED_INCLUDE_IN_FRAMEWORK_HEADER = YES;
				CLANG_WARN_RANGE_LOOP_ANALYSIS = YES;
				CLANG_WARN_STRICT_PROTOTYPES = YES;
				CLANG_WARN_SUSPICIOUS_MOVE = YES;
				CLANG_WARN_UNGUARDED_AVAILABILITY = YES_AGGRESSIVE;
				CLANG_WARN_UNREACHABLE_CODE = YES;
				CLANG_WARN__DUPLICATE_METHOD_MATCH = YES;
				COPY_PHASE_STRIP = NO;
				DEBUG_INFORMATION_FORMAT = dwarf;
				ENABLE_STRICT_OBJC_MSGSEND = YES;
				ENABLE_TESTABILITY = YES;
				GCC_C_LANGUAGE_STANDARD = gnu11;
				GCC_DYNAMIC_NO_PIC = NO;
				GCC_NO_COMMON_BLOCKS = YES;
				GCC_OPTIMIZATION_LEVEL = 0;
				GCC_PREPROCESSOR_DEFINITIONS = (
					"DEBUG=1",
					"$(inherited)",
				);
				GCC_WARN_64_TO_32_BIT_CONVERSION = YES;
				GCC_WARN_ABOUT_RETURN_TYPE = YES_ERROR;
				GCC_WARN_UNDECLARED_SELECTOR = YES;
				GCC_WARN_UNINITIALIZED_AUTOS = YES_AGGRESSIVE;
				GCC_WARN_UNUSED_FUNCTION = YES;
				GCC_WARN_UNUSED_VARIABLE = YES;
				IPHONEOS_DEPLOYMENT_TARGET = 16.0;
				MTL_ENABLE_DEBUG_INFO = INCLUDE_SOURCE;
				MTL_FAST_MATH = YES;
				ONLY_ACTIVE_ARCH = YES;
				SDKROOT = iphoneos;
				SWIFT_ACTIVE_COMPILATION_CONDITIONS = DEBUG;
				SWIFT_OPTIMIZATION_LEVEL = "-Onone";
			};
			name = Debug;
		};
		ADCA03362A07D4EA0042E67C /* Release */ = {
			isa = XCBuildConfiguration;
			buildSettings = {
				ALWAYS_SEARCH_USER_PATHS = NO;
				CLANG_ANALYZER_NONNULL = YES;
				CLANG_ANALYZER_NUMBER_OBJECT_CONVERSION = YES_AGGRESSIVE;
				CLANG_CXX_LANGUAGE_STANDARD = "gnu++20";
				CLANG_ENABLE_MODULES = YES;
				CLANG_ENABLE_OBJC_ARC = YES;
				CLANG_ENABLE_OBJC_WEAK = YES;
				CLANG_WARN_BLOCK_CAPTURE_AUTORELEASING = YES;
				CLANG_WARN_BOOL_CONVERSION = YES;
				CLANG_WARN_COMMA = YES;
				CLANG_WARN_CONSTANT_CONVERSION = YES;
				CLANG_WARN_DEPRECATED_OBJC_IMPLEMENTATIONS = YES;
				CLANG_WARN_DIRECT_OBJC_ISA_USAGE = YES_ERROR;
				CLANG_WARN_DOCUMENTATION_COMMENTS = YES;
				CLANG_WARN_EMPTY_BODY = YES;
				CLANG_WARN_ENUM_CONVERSION = YES;
				CLANG_WARN_INFINITE_RECURSION = YES;
				CLANG_WARN_INT_CONVERSION = YES;
				CLANG_WARN_NON_LITERAL_NULL_CONVERSION = YES;
				CLANG_WARN_OBJC_IMPLICIT_RETAIN_SELF = YES;
				CLANG_WARN_OBJC_LITERAL_CONVERSION = YES;
				CLANG_WARN_OBJC_ROOT_CLASS = YES_ERROR;
				CLANG_WARN_QUOTED_INCLUDE_IN_FRAMEWORK_HEADER = YES;
				CLANG_WARN_RANGE_LOOP_ANALYSIS = YES;
				CLANG_WARN_STRICT_PROTOTYPES = YES;
				CLANG_WARN_SUSPICIOUS_MOVE = YES;
				CLANG_WARN_UNGUARDED_AVAILABILITY = YES_AGGRESSIVE;
				CLANG_WARN_UNREACHABLE_CODE = YES;
				CLANG_WARN__DUPLICATE_METHOD_MATCH = YES;
				COPY_PHASE_STRIP = NO;
				DEBUG_INFORMATION_FORMAT = "dwarf-with-dsym";
				ENABLE_NS_ASSERTIONS = NO;
				ENABLE_STRICT_OBJC_MSGSEND = YES;
				GCC_C_LANGUAGE_STANDARD = gnu11;
				GCC_NO_COMMON_BLOCKS = YES;
				GCC_WARN_64_TO_32_BIT_CONVERSION = YES;
				GCC_WARN_ABOUT_RETURN_TYPE = YES_ERROR;
				GCC_WARN_UNDECLARED_SELECTOR = YES;
				GCC_WARN_UNINITIALIZED_AUTOS = YES_AGGRESSIVE;
				GCC_WARN_UNUSED_FUNCTION = YES;
				GCC_WARN_UNUSED_VARIABLE = YES;
				IPHONEOS_DEPLOYMENT_TARGET = 16.0;
				MTL_ENABLE_DEBUG_INFO = NO;
				MTL_FAST_MATH = YES;
				SDKROOT = iphoneos;
				SWIFT_COMPILATION_MODE = wholemodule;
				SWIFT_OPTIMIZATION_LEVEL = "-O";
				VALIDATE_PRODUCT = YES;
			};
			name = Release;
		};
		ADCA03382A07D4EA0042E67C /* Debug */ = {
			isa = XCBuildConfiguration;
			buildSettings = {
				ASSETCATALOG_COMPILER_APPICON_NAME = AppIcon;
				ASSETCATALOG_COMPILER_GLOBAL_ACCENT_COLOR_NAME = AccentColor;
				CODE_SIGN_STYLE = Automatic;
				CURRENT_PROJECT_VERSION = 1;
				DEVELOPMENT_ASSET_PATHS = "\"Moodmoji/Preview Content\"";
				ENABLE_PREVIEWS = YES;
				GENERATE_INFOPLIST_FILE = YES;
				INFOPLIST_KEY_UIApplicationSceneManifest_Generation = YES;
				INFOPLIST_KEY_UIApplicationSupportsIndirectInputEvents = YES;
				INFOPLIST_KEY_UILaunchScreen_Generation = YES;
				INFOPLIST_KEY_UISupportedInterfaceOrientations_iPad = "UIInterfaceOrientationPortrait UIInterfaceOrientationPortraitUpsideDown UIInterfaceOrientationLandscapeLeft UIInterfaceOrientationLandscapeRight";
				INFOPLIST_KEY_UISupportedInterfaceOrientations_iPhone = "UIInterfaceOrientationPortrait UIInterfaceOrientationLandscapeLeft UIInterfaceOrientationLandscapeRight";
				LD_RUNPATH_SEARCH_PATHS = (
					"$(inherited)",
					"@executable_path/Frameworks",
				);
				MARKETING_VERSION = 1.0;
				PRODUCT_BUNDLE_IDENTIFIER = com.antoinekllee.Moodmoji;
				PRODUCT_NAME = "$(TARGET_NAME)";
				SWIFT_EMIT_LOC_STRINGS = YES;
				SWIFT_VERSION = 5.0;
				TARGETED_DEVICE_FAMILY = "1,2";
			};
			name = Debug;
		};
		ADCA03392A07D4EA0042E67C /* Release */ = {
			isa = XCBuildConfiguration;
			buildSettings = {
				ASSETCATALOG_COMPILER_APPICON_NAME = AppIcon;
				ASSETCATALOG_COMPILER_GLOBAL_ACCENT_COLOR_NAME = AccentColor;
				CODE_SIGN_STYLE = Automatic;
				CURRENT_PROJECT_VERSION = 1;
				DEVELOPMENT_ASSET_PATHS = "\"Moodmoji/Preview Content\"";
				ENABLE_PREVIEWS = YES;
				GENERATE_INFOPLIST_FILE = YES;
				INFOPLIST_KEY_UIApplicationSceneManifest_Generation = YES;
				INFOPLIST_KEY_UIApplicationSupportsIndirectInputEvents = YES;
				INFOPLIST_KEY_UILaunchScreen_Generation = YES;
				INFOPLIST_KEY_UISupportedInterfaceOrientations_iPad = "UIInterfaceOrientationPortrait UIInterfaceOrientationPortraitUpsideDown UIInterfaceOrientationLandscapeLeft UIInterfaceOrientationLandscapeRight";
				INFOPLIST_KEY_UISupportedInterfaceOrientations_iPhone = "UIInterfaceOrientationPortrait UIInterfaceOrientationLandscapeLeft UIInterfaceOrientationLandscapeRight";
				LD_RUNPATH_SEARCH_PATHS = (
					"$(inherited)",
					"@executable_path/Frameworks",
				);
				MARKETING_VERSION = 1.0;
				PRODUCT_BUNDLE_IDENTIFIER = com.antoinekllee.Moodmoji;
				PRODUCT_NAME = "$(TARGET_NAME)";
				SWIFT_EMIT_LOC_STRINGS = YES;
				SWIFT_VERSION = 5.0;
				TARGETED_DEVICE_FAMILY = "1,2";
			};
			name = Release;
		};
		ADCA033B2A07D4EA0042E67C /* Debug */ = {
			isa = XCBuildConfiguration;
			buildSettings = {
				ALWAYS_EMBED_SWIFT_STANDARD_LIBRARIES = YES;
				BUNDLE_LOADER = "$(TEST_HOST)";
				CODE_SIGN_STYLE = Automatic;
				CURRENT_PROJECT_VERSION = 1;
				GENERATE_INFOPLIST_FILE = YES;
				IPHONEOS_DEPLOYMENT_TARGET = 16.0;
				MARKETING_VERSION = 1.0;
				PRODUCT_BUNDLE_IDENTIFIER = com.antoinekllee.MoodmojiTests;
				PRODUCT_NAME = "$(TARGET_NAME)";
				SWIFT_EMIT_LOC_STRINGS = NO;
				SWIFT_VERSION = 5.0;
				TARGETED_DEVICE_FAMILY = "1,2";
				TEST_HOST = "$(BUILT_PRODUCTS_DIR)/Moodmoji.app/$(BUNDLE_EXECUTABLE_FOLDER_PATH)/Moodmoji";
			};
			name = Debug;
		};
		ADCA033C2A07D4EA0042E67C /* Release */ = {
			isa = XCBuildConfiguration;
			buildSettings = {
				ALWAYS_EMBED_SWIFT_STANDARD_LIBRARIES = YES;
				BUNDLE_LOADER = "$(TEST_HOST)";
				CODE_SIGN_STYLE = Automatic;
				CURRENT_PROJECT_VERSION = 1;
				GENERATE_INFOPLIST_FILE = YES;
				IPHONEOS_DEPLOYMENT_TARGET = 16.0;
				MARKETING_VERSION = 1.0;
				PRODUCT_BUNDLE_IDENTIFIER = com.antoinekllee.MoodmojiTests;
				PRODUCT_NAME = "$(TARGET_NAME)";
				SWIFT_EMIT_LOC_STRINGS = NO;
				SWIFT_VERSION = 5.0;
				TARGETED_DEVICE_FAMILY = "1,2";
				TEST_HOST = "$(BUILT_PRODUCTS_DIR)/Moodmoji.app/$(BUNDLE_EXECUTABLE_FOLDER_PATH)/Moodmoji";
			};
			name = Release;
		};
		ADCA033E2A07D4EA0042E67C /* Debug */ = {
			isa = XCBuildConfiguration;
			buildSettings = {
				ALWAYS_EMBED_SWIFT_STANDARD_LIBRARIES = YES;
				CODE_SIGN_STYLE = Automatic;
				CURRENT_PROJECT_VERSION = 1;
				GENERATE_INFOPLIST_FILE = YES;
				MARKETING_VERSION = 1.0;
				PRODUCT_BUNDLE_IDENTIFIER = com.antoinekllee.MoodmojiUITests;
				PRODUCT_NAME = "$(TARGET_NAME)";
				SWIFT_EMIT_LOC_STRINGS = NO;
				SWIFT_VERSION = 5.0;
				TARGETED_DEVICE_FAMILY = "1,2";
				TEST_TARGET_NAME = Moodmoji;
			};
			name = Debug;
		};
		ADCA033F2A07D4EA0042E67C /* Release */ = {
			isa = XCBuildConfiguration;
			buildSettings = {
				ALWAYS_EMBED_SWIFT_STANDARD_LIBRARIES = YES;
				CODE_SIGN_STYLE = Automatic;
				CURRENT_PROJECT_VERSION = 1;
				GENERATE_INFOPLIST_FILE = YES;
				MARKETING_VERSION = 1.0;
				PRODUCT_BUNDLE_IDENTIFIER = com.antoinekllee.MoodmojiUITests;
				PRODUCT_NAME = "$(TARGET_NAME)";
				SWIFT_EMIT_LOC_STRINGS = NO;
				SWIFT_VERSION = 5.0;
				TARGETED_DEVICE_FAMILY = "1,2";
				TEST_TARGET_NAME = Moodmoji;
			};
			name = Release;
		};
/* End XCBuildConfiguration section */

/* Begin XCConfigurationList section */
		ADCA030E2A07D4E90042E67C /* Build configuration list for PBXProject "Moodmoji" */ = {
			isa = XCConfigurationList;
			buildConfigurations = (
				ADCA03352A07D4EA0042E67C /* Debug */,
				ADCA03362A07D4EA0042E67C /* Release */,
			);
			defaultConfigurationIsVisible = 0;
			defaultConfigurationName = Release;
		};
		ADCA03372A07D4EA0042E67C /* Build configuration list for PBXNativeTarget "Moodmoji" */ = {
			isa = XCConfigurationList;
			buildConfigurations = (
				ADCA03382A07D4EA0042E67C /* Debug */,
				ADCA03392A07D4EA0042E67C /* Release */,
			);
			defaultConfigurationIsVisible = 0;
			defaultConfigurationName = Release;
		};
		ADCA033A2A07D4EA0042E67C /* Build configuration list for PBXNativeTarget "MoodmojiTests" */ = {
			isa = XCConfigurationList;
			buildConfigurations = (
				ADCA033B2A07D4EA0042E67C /* Debug */,
				ADCA033C2A07D4EA0042E67C /* Release */,
			);
			defaultConfigurationIsVisible = 0;
			defaultConfigurationName = Release;
		};
		ADCA033D2A07D4EA0042E67C /* Build configuration list for PBXNativeTarget "MoodmojiUITests" */ = {
			isa = XCConfigurationList;
			buildConfigurations = (
				ADCA033E2A07D4EA0042E67C /* Debug */,
				ADCA033F2A07D4EA0042E67C /* Release */,
			);
			defaultConfigurationIsVisible = 0;
			defaultConfigurationName = Release;
		};
/* End XCConfigurationList section */

/* Begin XCRemoteSwiftPackageReference section */
		ADCA03462A07E1500042E67C /* XCRemoteSwiftPackageReference "OpenAISwift" */ = {
			isa = XCRemoteSwiftPackageReference;
			repositoryURL = "https://github.com/adamrushy/OpenAISwift.git";
			requirement = {
				kind = upToNextMajorVersion;
				minimumVersion = 1.0.0;
			};
		};
/* End XCRemoteSwiftPackageReference section */

/* Begin XCSwiftPackageProductDependency section */
		ADCA03472A07E1500042E67C /* OpenAISwift */ = {
			isa = XCSwiftPackageProductDependency;
			package = ADCA03462A07E1500042E67C /* XCRemoteSwiftPackageReference "OpenAISwift" */;
			productName = OpenAISwift;
		};
/* End XCSwiftPackageProductDependency section */
	};
	rootObject = ADCA030B2A07D4E90042E67C /* Project object */;
}
